
Microsoft Visual Studio Solution File, Format Version 12.00
# Visual Studio Version 17
VisualStudioVersion = 17.14.36429.23 d17.14
MinimumVisualStudioVersion = 10.0.40219.1
Project("{FC65038C-1B2F-41E1-A629-BED71D161FFF}") = "SRC_SetupTables", "SRC_SetupTables.rnrproj", "{2D119012-0A86-49C1-B9AE-55851544390E}"
EndProject
Global
	GlobalSection(SolutionConfigurationPlatforms) = preSolution
		Debug|Any CPU = Debug|Any CPU
	EndGlobalSection
	GlobalSection(ProjectConfigurationPlatforms) = postSolution
		{2D119012-0A86-49C1-B9AE-55851544390E}.Debug|Any CPU.ActiveCfg = Debug|Any CPU
		{2D119012-0A86-49C1-B9AE-55851544390E}.Debug|Any CPU.Build.0 = Debug|Any CPU
	EndGlobalSection
	GlobalSection(SolutionProperties) = preSolution
		HideSolutionNode = FALSE
	EndGlobalSection
	GlobalSection(ExtensibilityGlobals) = postSolution
		SolutionGuid = {53289AAB-9501-46A1-982B-CE579CC6E62E}
	EndGlobalSection
EndGlobal
